// !$*UTF8*$!
{
	archiveVersion = 1;
	classes = {
	};
	objectVersion = 46;
	objects = {

/* Begin PBXBuildFile section */
		8AB6B082841F766CE2003C56 /* Pods_WindyWalk.framework in Frameworks */ = {isa = PBXBuildFile; fileRef = 07465FADB7A954061C13B6E6 /* Pods_WindyWalk.framework */; };
		9F54C04E204F2472008FB6C9 /* Forecast.swift in Sources */ = {isa = PBXBuildFile; fileRef = 9F54C04D204F2472008FB6C9 /* Forecast.swift */; };
		9F54C050204F2CD3008FB6C9 /* WeekForecast.swift in Sources */ = {isa = PBXBuildFile; fileRef = 9F54C04F204F2CD3008FB6C9 /* WeekForecast.swift */; };
		9F54C052204F2E01008FB6C9 /* ExtenedForecast.swift in Sources */ = {isa = PBXBuildFile; fileRef = 9F54C051204F2E01008FB6C9 /* ExtenedForecast.swift */; };
		9F54C054204F2ED5008FB6C9 /* List.swift in Sources */ = {isa = PBXBuildFile; fileRef = 9F54C053204F2ED5008FB6C9 /* List.swift */; };
		9FB22006203EBB3D00086BBA /* DetailsViewController.swift in Sources */ = {isa = PBXBuildFile; fileRef = 9FB22005203EBB3D00086BBA /* DetailsViewController.swift */; };
		9FFE28E32035CBCF0002E09A /* AppDelegate.swift in Sources */ = {isa = PBXBuildFile; fileRef = 9FFE28E22035CBCF0002E09A /* AppDelegate.swift */; };
		9FFE28E52035CBCF0002E09A /* IntroViewController.swift in Sources */ = {isa = PBXBuildFile; fileRef = 9FFE28E42035CBCF0002E09A /* IntroViewController.swift */; };
		9FFE28E82035CBCF0002E09A /* Main.storyboard in Resources */ = {isa = PBXBuildFile; fileRef = 9FFE28E62035CBCF0002E09A /* Main.storyboard */; };
		9FFE28EA2035CBCF0002E09A /* Assets.xcassets in Resources */ = {isa = PBXBuildFile; fileRef = 9FFE28E92035CBCF0002E09A /* Assets.xcassets */; };
		9FFE28ED2035CBCF0002E09A /* LaunchScreen.storyboard in Resources */ = {isa = PBXBuildFile; fileRef = 9FFE28EB2035CBCF0002E09A /* LaunchScreen.storyboard */; };
		9FFE28FB203DAC600002E09A /* MainViewController.swift in Sources */ = {isa = PBXBuildFile; fileRef = 9FFE28FA203DAC600002E09A /* MainViewController.swift */; };
/* End PBXBuildFile section */

/* Begin PBXFileReference section */
		07465FADB7A954061C13B6E6 /* Pods_WindyWalk.framework */ = {isa = PBXFileReference; explicitFileType = wrapper.framework; includeInIndex = 0; path = Pods_WindyWalk.framework; sourceTree = BUILT_PRODUCTS_DIR; };
		37DCC1B7C6F39CA24933F307 /* Pods-WindyWalk.debug.xcconfig */ = {isa = PBXFileReference; includeInIndex = 1; lastKnownFileType = text.xcconfig; name = "Pods-WindyWalk.debug.xcconfig"; path = "Pods/Target Support Files/Pods-WindyWalk/Pods-WindyWalk.debug.xcconfig"; sourceTree = "<group>"; };
		80FE2FB0A224F57055BB3BB8 /* Pods-WindyWalk.release.xcconfig */ = {isa = PBXFileReference; includeInIndex = 1; lastKnownFileType = text.xcconfig; name = "Pods-WindyWalk.release.xcconfig"; path = "Pods/Target Support Files/Pods-WindyWalk/Pods-WindyWalk.release.xcconfig"; sourceTree = "<group>"; };
		9F54C04D204F2472008FB6C9 /* Forecast.swift */ = {isa = PBXFileReference; fileEncoding = 4; lastKnownFileType = sourcecode.swift; path = Forecast.swift; sourceTree = "<group>"; };
		9F54C04F204F2CD3008FB6C9 /* WeekForecast.swift */ = {isa = PBXFileReference; fileEncoding = 4; lastKnownFileType = sourcecode.swift; path = WeekForecast.swift; sourceTree = "<group>"; };
		9F54C051204F2E01008FB6C9 /* ExtenedForecast.swift */ = {isa = PBXFileReference; fileEncoding = 4; lastKnownFileType = sourcecode.swift; path = ExtenedForecast.swift; sourceTree = "<group>"; };
		9F54C053204F2ED5008FB6C9 /* List.swift */ = {isa = PBXFileReference; fileEncoding = 4; lastKnownFileType = sourcecode.swift; path = List.swift; sourceTree = "<group>"; };
		9FB22005203EBB3D00086BBA /* DetailsViewController.swift */ = {isa = PBXFileReference; fileEncoding = 4; lastKnownFileType = sourcecode.swift; name = DetailsViewController.swift; path = ../DetailsViewController.swift; sourceTree = "<group>"; };
		9FFE28DF2035CBCF0002E09A /* WindyWalk.app */ = {isa = PBXFileReference; explicitFileType = wrapper.application; includeInIndex = 0; path = WindyWalk.app; sourceTree = BUILT_PRODUCTS_DIR; };
		9FFE28E22035CBCF0002E09A /* AppDelegate.swift */ = {isa = PBXFileReference; lastKnownFileType = sourcecode.swift; path = AppDelegate.swift; sourceTree = "<group>"; };
		9FFE28E42035CBCF0002E09A /* IntroViewController.swift */ = {isa = PBXFileReference; lastKnownFileType = sourcecode.swift; path = IntroViewController.swift; sourceTree = "<group>"; };
		9FFE28E72035CBCF0002E09A /* Base */ = {isa = PBXFileReference; lastKnownFileType = file.storyboard; name = Base; path = Base.lproj/Main.storyboard; sourceTree = "<group>"; };
		9FFE28E92035CBCF0002E09A /* Assets.xcassets */ = {isa = PBXFileReference; lastKnownFileType = folder.assetcatalog; path = Assets.xcassets; sourceTree = "<group>"; };
		9FFE28EC2035CBCF0002E09A /* Base */ = {isa = PBXFileReference; lastKnownFileType = file.storyboard; name = Base; path = Base.lproj/LaunchScreen.storyboard; sourceTree = "<group>"; };
		9FFE28EE2035CBCF0002E09A /* Info.plist */ = {isa = PBXFileReference; lastKnownFileType = text.plist.xml; path = Info.plist; sourceTree = "<group>"; };
		9FFE28FA203DAC600002E09A /* MainViewController.swift */ = {isa = PBXFileReference; fileEncoding = 4; lastKnownFileType = sourcecode.swift; path = MainViewController.swift; sourceTree = "<group>"; };
/* End PBXFileReference section */

/* Begin PBXFrameworksBuildPhase section */
		9FFE28DC2035CBCF0002E09A /* Frameworks */ = {
			isa = PBXFrameworksBuildPhase;
			buildActionMask = 2147483647;
			files = (
				8AB6B082841F766CE2003C56 /* Pods_WindyWalk.framework in Frameworks */,
			);
			runOnlyForDeploymentPostprocessing = 0;
		};
/* End PBXFrameworksBuildPhase section */

/* Begin PBXGroup section */
		290B805EC50E027F6DD27D62 /* Pods */ = {
			isa = PBXGroup;
			children = (
				37DCC1B7C6F39CA24933F307 /* Pods-WindyWalk.debug.xcconfig */,
				80FE2FB0A224F57055BB3BB8 /* Pods-WindyWalk.release.xcconfig */,
			);
			name = Pods;
			sourceTree = "<group>";
		};
		9FFADFEE2057CD41000A6E30 /* Model */ = {
			isa = PBXGroup;
			children = (
				9F54C04D204F2472008FB6C9 /* Forecast.swift */,
				9F54C04F204F2CD3008FB6C9 /* WeekForecast.swift */,
				9F54C051204F2E01008FB6C9 /* ExtenedForecast.swift */,
				9F54C053204F2ED5008FB6C9 /* List.swift */,
			);
			name = Model;
			sourceTree = "<group>";
		};
		9FFADFEF2057CD4C000A6E30 /* View */ = {
			isa = PBXGroup;
			children = (
				9FFE28E62035CBCF0002E09A /* Main.storyboard */,
			);
			name = View;
			sourceTree = "<group>";
		};
		9FFADFF02057CD54000A6E30 /* Controller */ = {
			isa = PBXGroup;
			children = (
				9FFE28E42035CBCF0002E09A /* IntroViewController.swift */,
				9FFE28FA203DAC600002E09A /* MainViewController.swift */,
				9FB22005203EBB3D00086BBA /* DetailsViewController.swift */,
			);
			name = Controller;
			sourceTree = "<group>";
		};
		9FFE28D62035CBCF0002E09A = {
			isa = PBXGroup;
			children = (
				9FFE28E12035CBCF0002E09A /* WindyWalk */,
				9FFE28E02035CBCF0002E09A /* Products */,
				290B805EC50E027F6DD27D62 /* Pods */,
				E3BEDE59E7BAB90C0A8015D8 /* Frameworks */,
			);
			sourceTree = "<group>";
		};
		9FFE28E02035CBCF0002E09A /* Products */ = {
			isa = PBXGroup;
			children = (
				9FFE28DF2035CBCF0002E09A /* WindyWalk.app */,
			);
			name = Products;
			sourceTree = "<group>";
		};
		9FFE28E12035CBCF0002E09A /* WindyWalk */ = {
			isa = PBXGroup;
			children = (
				9FFADFF02057CD54000A6E30 /* Controller */,
				9FFADFEF2057CD4C000A6E30 /* View */,
				9FFADFEE2057CD41000A6E30 /* Model */,
				9FFE28E92035CBCF0002E09A /* Assets.xcassets */,
				9FFE28E22035CBCF0002E09A /* AppDelegate.swift */,
				9FFE28EB2035CBCF0002E09A /* LaunchScreen.storyboard */,
				9FFE28EE2035CBCF0002E09A /* Info.plist */,
			);
			path = WindyWalk;
			sourceTree = "<group>";
		};
		E3BEDE59E7BAB90C0A8015D8 /* Frameworks */ = {
			isa = PBXGroup;
			children = (
				07465FADB7A954061C13B6E6 /* Pods_WindyWalk.framework */,
			);
			name = Frameworks;
			sourceTree = "<group>";
		};
/* End PBXGroup section */

/* Begin PBXNativeTarget section */
		9FFE28DE2035CBCF0002E09A /* WindyWalk */ = {
			isa = PBXNativeTarget;
			buildConfigurationList = 9FFE28F12035CBCF0002E09A /* Build configuration list for PBXNativeTarget "WindyWalk" */;
			buildPhases = (
				34A0A9A3B89FD99C2FAD0884 /* [CP] Check Pods Manifest.lock */,
				9FFE28DB2035CBCF0002E09A /* Sources */,
				9FFE28DC2035CBCF0002E09A /* Frameworks */,
				9FFE28DD2035CBCF0002E09A /* Resources */,
				5967C485EFB57CE707DF094C /* [CP] Embed Pods Frameworks */,
			);
			buildRules = (
			);
			dependencies = (
			);
			name = WindyWalk;
			productName = WindyWalk;
			productReference = 9FFE28DF2035CBCF0002E09A /* WindyWalk.app */;
			productType = "com.apple.product-type.application";
		};
/* End PBXNativeTarget section */

/* Begin PBXProject section */
		9FFE28D72035CBCF0002E09A /* Project object */ = {
			isa = PBXProject;
			attributes = {
				LastSwiftUpdateCheck = 0830;
				LastUpgradeCheck = 0830;
				ORGANIZATIONNAME = "Kamil Gacek";
				TargetAttributes = {
					9FFE28DE2035CBCF0002E09A = {
						CreatedOnToolsVersion = 8.3.3;
						ProvisioningStyle = Automatic;
					};
				};
			};
			buildConfigurationList = 9FFE28DA2035CBCF0002E09A /* Build configuration list for PBXProject "WindyWalk" */;
			compatibilityVersion = "Xcode 3.2";
			developmentRegion = English;
			hasScannedForEncodings = 0;
			knownRegions = (
				en,
				Base,
			);
			mainGroup = 9FFE28D62035CBCF0002E09A;
			productRefGroup = 9FFE28E02035CBCF0002E09A /* Products */;
			projectDirPath = "";
			projectRoot = "";
			targets = (
				9FFE28DE2035CBCF0002E09A /* WindyWalk */,
			);
		};
/* End PBXProject section */

/* Begin PBXResourcesBuildPhase section */
		9FFE28DD2035CBCF0002E09A /* Resources */ = {
			isa = PBXResourcesBuildPhase;
			buildActionMask = 2147483647;
			files = (
				9FFE28ED2035CBCF0002E09A /* LaunchScreen.storyboard in Resources */,
				9FFE28EA2035CBCF0002E09A /* Assets.xcassets in Resources */,
				9FFE28E82035CBCF0002E09A /* Main.storyboard in Resources */,
			);
			runOnlyForDeploymentPostprocessing = 0;
		};
/* End PBXResourcesBuildPhase section */

/* Begin PBXShellScriptBuildPhase section */
		34A0A9A3B89FD99C2FAD0884 /* [CP] Check Pods Manifest.lock */ = {
			isa = PBXShellScriptBuildPhase;
			buildActionMask = 2147483647;
			files = (
			);
			inputPaths = (
				"${PODS_PODFILE_DIR_PATH}/Podfile.lock",
				"${PODS_ROOT}/Manifest.lock",
			);
			name = "[CP] Check Pods Manifest.lock";
			outputPaths = (
				"$(DERIVED_FILE_DIR)/Pods-WindyWalk-checkManifestLockResult.txt",
			);
			runOnlyForDeploymentPostprocessing = 0;
			shellPath = /bin/sh;
			shellScript = "diff \"${PODS_PODFILE_DIR_PATH}/Podfile.lock\" \"${PODS_ROOT}/Manifest.lock\" > /dev/null\nif [ $? != 0 ] ; then\n    # print error to STDERR\n    echo \"error: The sandbox is not in sync with the Podfile.lock. Run 'pod install' or update your CocoaPods installation.\" >&2\n    exit 1\nfi\n# This output is used by Xcode 'outputs' to avoid re-running this script phase.\necho \"SUCCESS\" > \"${SCRIPT_OUTPUT_FILE_0}\"\n";
			showEnvVarsInLog = 0;
		};
		5967C485EFB57CE707DF094C /* [CP] Embed Pods Frameworks */ = {
			isa = PBXShellScriptBuildPhase;
			buildActionMask = 2147483647;
			files = (
			);
			inputPaths = (
				"${SRCROOT}/Pods/Target Support Files/Pods-WindyWalk/Pods-WindyWalk-frameworks.sh",
				"${BUILT_PRODUCTS_DIR}/MBProgressHUD/MBProgressHUD.framework",
				"${BUILT_PRODUCTS_DIR}/ObjectMapper/ObjectMapper.framework",
			);
			name = "[CP] Embed Pods Frameworks";
			outputPaths = (
				"${TARGET_BUILD_DIR}/${FRAMEWORKS_FOLDER_PATH}/MBProgressHUD.framework",
				"${TARGET_BUILD_DIR}/${FRAMEWORKS_FOLDER_PATH}/ObjectMapper.framework",
			);
			runOnlyForDeploymentPostprocessing = 0;
			shellPath = /bin/sh;
			shellScript = "\"${SRCROOT}/Pods/Target Support Files/Pods-WindyWalk/Pods-WindyWalk-frameworks.sh\"\n";
			showEnvVarsInLog = 0;
		};
/* End PBXShellScriptBuildPhase section */

/* Begin PBXSourcesBuildPhase section */
		9FFE28DB2035CBCF0002E09A /* Sources */ = {
			isa = PBXSourcesBuildPhase;
			buildActionMask = 2147483647;
			files = (
				9F54C052204F2E01008FB6C9 /* ExtenedForecast.swift in Sources */,
				9F54C054204F2ED5008FB6C9 /* List.swift in Sources */,
				9F54C04E204F2472008FB6C9 /* Forecast.swift in Sources */,
				9FFE28FB203DAC600002E09A /* MainViewController.swift in Sources */,
				9FFE28E52035CBCF0002E09A /* IntroViewController.swift in Sources */,
				9FFE28E32035CBCF0002E09A /* AppDelegate.swift in Sources */,
				9FB22006203EBB3D00086BBA /* DetailsViewController.swift in Sources */,
				9F54C050204F2CD3008FB6C9 /* WeekForecast.swift in Sources */,
			);
			runOnlyForDeploymentPostprocessing = 0;
		};
/* End PBXSourcesBuildPhase section */

/* Begin PBXVariantGroup section */
		9FFE28E62035CBCF0002E09A /* Main.storyboard */ = {
			isa = PBXVariantGroup;
			children = (
				9FFE28E72035CBCF0002E09A /* Base */,
			);
			name = Main.storyboard;
			sourceTree = "<group>";
		};
		9FFE28EB2035CBCF0002E09A /* LaunchScreen.storyboard */ = {
			isa = PBXVariantGroup;
			children = (
				9FFE28EC2035CBCF0002E09A /* Base */,
			);
			name = LaunchScreen.storyboard;
			sourceTree = "<group>";
		};
/* End PBXVariantGroup section */

/* Begin XCBuildConfiguration section */
		9FFE28EF2035CBCF0002E09A /* Debug */ = {
			isa = XCBuildConfiguration;
			buildSettings = {
				ALWAYS_SEARCH_USER_PATHS = NO;
				CLANG_ANALYZER_NONNULL = YES;
				CLANG_ANALYZER_NUMBER_OBJECT_CONVERSION = YES_AGGRESSIVE;
				CLANG_CXX_LANGUAGE_STANDARD = "gnu++0x";
				CLANG_CXX_LIBRARY = "libc++";
				CLANG_ENABLE_MODULES = YES;
				CLANG_ENABLE_OBJC_ARC = YES;
				CLANG_WARN_BOOL_CONVERSION = YES;
				CLANG_WARN_CONSTANT_CONVERSION = YES;
				CLANG_WARN_DIRECT_OBJC_ISA_USAGE = YES_ERROR;
				CLANG_WARN_DOCUMENTATION_COMMENTS = YES;
				CLANG_WARN_EMPTY_BODY = YES;
				CLANG_WARN_ENUM_CONVERSION = YES;
				CLANG_WARN_INFINITE_RECURSION = YES;
				CLANG_WARN_INT_CONVERSION = YES;
				CLANG_WARN_OBJC_ROOT_CLASS = YES_ERROR;
				CLANG_WARN_SUSPICIOUS_MOVE = YES;
				CLANG_WARN_UNREACHABLE_CODE = YES;
				CLANG_WARN__DUPLICATE_METHOD_MATCH = YES;
				"CODE_SIGN_IDENTITY[sdk=iphoneos*]" = "iPhone Developer";
				COPY_PHASE_STRIP = NO;
				DEBUG_INFORMATION_FORMAT = dwarf;
				ENABLE_STRICT_OBJC_MSGSEND = YES;
				ENABLE_TESTABILITY = YES;
				GCC_C_LANGUAGE_STANDARD = gnu99;
				GCC_DYNAMIC_NO_PIC = NO;
				GCC_NO_COMMON_BLOCKS = YES;
				GCC_OPTIMIZATION_LEVEL = 0;
				GCC_PREPROCESSOR_DEFINITIONS = (
					"DEBUG=1",
					"$(inherited)",
				);
				GCC_WARN_64_TO_32_BIT_CONVERSION = YES;
				GCC_WARN_ABOUT_RETURN_TYPE = YES_ERROR;
				GCC_WARN_UNDECLARED_SELECTOR = YES;
				GCC_WARN_UNINITIALIZED_AUTOS = YES_AGGRESSIVE;
				GCC_WARN_UNUSED_FUNCTION = YES;
				GCC_WARN_UNUSED_VARIABLE = YES;
				IPHONEOS_DEPLOYMENT_TARGET = 10.3;
				MTL_ENABLE_DEBUG_INFO = YES;
				ONLY_ACTIVE_ARCH = YES;
				SDKROOT = iphoneos;
				SWIFT_ACTIVE_COMPILATION_CONDITIONS = DEBUG;
				SWIFT_OPTIMIZATION_LEVEL = "-Onone";
			};
			name = Debug;
		};
		9FFE28F02035CBCF0002E09A /* Release */ = {
			isa = XCBuildConfiguration;
			buildSettings = {
				ALWAYS_SEARCH_USER_PATHS = NO;
				CLANG_ANALYZER_NONNULL = YES;
				CLANG_ANALYZER_NUMBER_OBJECT_CONVERSION = YES_AGGRESSIVE;
				CLANG_CXX_LANGUAGE_STANDARD = "gnu++0x";
				CLANG_CXX_LIBRARY = "libc++";
				CLANG_ENABLE_MODULES = YES;
				CLANG_ENABLE_OBJC_ARC = YES;
				CLANG_WARN_BOOL_CONVERSION = YES;
				CLANG_WARN_CONSTANT_CONVERSION = YES;
				CLANG_WARN_DIRECT_OBJC_ISA_USAGE = YES_ERROR;
				CLANG_WARN_DOCUMENTATION_COMMENTS = YES;
				CLANG_WARN_EMPTY_BODY = YES;
				CLANG_WARN_ENUM_CONVERSION = YES;
				CLANG_WARN_INFINITE_RECURSION = YES;
				CLANG_WARN_INT_CONVERSION = YES;
				CLANG_WARN_OBJC_ROOT_CLASS = YES_ERROR;
				CLANG_WARN_SUSPICIOUS_MOVE = YES;
				CLANG_WARN_UNREACHABLE_CODE = YES;
				CLANG_WARN__DUPLICATE_METHOD_MATCH = YES;
				"CODE_SIGN_IDENTITY[sdk=iphoneos*]" = "iPhone Developer";
				COPY_PHASE_STRIP = NO;
				DEBUG_INFORMATION_FORMAT = "dwarf-with-dsym";
				ENABLE_NS_ASSERTIONS = NO;
				ENABLE_STRICT_OBJC_MSGSEND = YES;
				GCC_C_LANGUAGE_STANDARD = gnu99;
				GCC_NO_COMMON_BLOCKS = YES;
				GCC_WARN_64_TO_32_BIT_CONVERSION = YES;
				GCC_WARN_ABOUT_RETURN_TYPE = YES_ERROR;
				GCC_WARN_UNDECLARED_SELECTOR = YES;
				GCC_WARN_UNINITIALIZED_AUTOS = YES_AGGRESSIVE;
				GCC_WARN_UNUSED_FUNCTION = YES;
				GCC_WARN_UNUSED_VARIABLE = YES;
				IPHONEOS_DEPLOYMENT_TARGET = 10.3;
				MTL_ENABLE_DEBUG_INFO = NO;
				SDKROOT = iphoneos;
				SWIFT_OPTIMIZATION_LEVEL = "-Owholemodule";
				VALIDATE_PRODUCT = YES;
			};
			name = Release;
		};
		9FFE28F22035CBCF0002E09A /* Debug */ = {
			isa = XCBuildConfiguration;
			baseConfigurationReference = 37DCC1B7C6F39CA24933F307 /* Pods-WindyWalk.debug.xcconfig */;
			buildSettings = {
				ASSETCATALOG_COMPILER_APPICON_NAME = AppIcon;
				INFOPLIST_FILE = WindyWalk/Info.plist;
				LD_RUNPATH_SEARCH_PATHS = "$(inherited) @executable_path/Frameworks";
				PRODUCT_BUNDLE_IDENTIFIER = "Kamil-Gacek.WindyWalk";
				PRODUCT_NAME = "$(TARGET_NAME)";
				SWIFT_VERSION = 3.0;
			};
			name = Debug;
		};
		9FFE28F32035CBCF0002E09A /* Release */ = {
			isa = XCBuildConfiguration;
			baseConfigurationReference = 80FE2FB0A224F57055BB3BB8 /* Pods-WindyWalk.release.xcconfig */;
			buildSettings = {
				ASSETCATALOG_COMPILER_APPICON_NAME = AppIcon;
				INFOPLIST_FILE = WindyWalk/Info.plist;
				LD_RUNPATH_SEARCH_PATHS = "$(inherited) @executable_path/Frameworks";
				PRODUCT_BUNDLE_IDENTIFIER = "Kamil-Gacek.WindyWalk";
				PRODUCT_NAME = "$(TARGET_NAME)";
				SWIFT_VERSION = 3.0;
			};
			name = Release;
		};
/* End XCBuildConfiguration section */

/* Begin XCConfigurationList section */
		9FFE28DA2035CBCF0002E09A /* Build configuration list for PBXProject "WindyWalk" */ = {
			isa = XCConfigurationList;
			buildConfigurations = (
				9FFE28EF2035CBCF0002E09A /* Debug */,
				9FFE28F02035CBCF0002E09A /* Release */,
			);
			defaultConfigurationIsVisible = 0;
			defaultConfigurationName = Release;
		};
		9FFE28F12035CBCF0002E09A /* Build configuration list for PBXNativeTarget "WindyWalk" */ = {
			isa = XCConfigurationList;
			buildConfigurations = (
				9FFE28F22035CBCF0002E09A /* Debug */,
				9FFE28F32035CBCF0002E09A /* Release */,
			);
			defaultConfigurationIsVisible = 0;
			defaultConfigurationName = Release;
		};
/* End XCConfigurationList section */
	};
	rootObject = 9FFE28D72035CBCF0002E09A /* Project object */;
}
