// !$*UTF8*$!
{
	archiveVersion = 1;
	classes = {
	};
	objectVersion = 46;
	objects = {

/* Begin PBXBuildFile section */
		9FFE28E32035CBCF0002E09A /* AppDelegate.swift in Sources */ = {isa = PBXBuildFile; fileRef = 9FFE28E22035CBCF0002E09A /* AppDelegate.swift */; };
		9FFE28E52035CBCF0002E09A /* ViewController.swift in Sources */ = {isa = PBXBuildFile; fileRef = 9FFE28E42035CBCF0002E09A /* ViewController.swift */; };
		9FFE28E82035CBCF0002E09A /* Main.storyboard in Resources */ = {isa = PBXBuildFile; fileRef = 9FFE28E62035CBCF0002E09A /* Main.storyboard */; };
		9FFE28EA2035CBCF0002E09A /* Assets.xcassets in Resources */ = {isa = PBXBuildFile; fileRef = 9FFE28E92035CBCF0002E09A /* Assets.xcassets */; };
		9FFE28ED2035CBCF0002E09A /* LaunchScreen.storyboard in Resources */ = {isa = PBXBuildFile; fileRef = 9FFE28EB2035CBCF0002E09A /* LaunchScreen.storyboard */; };
		9FFE28F52035CC6C0002E09A /* ForecastForTomorrow.swift in Sources */ = {isa = PBXBuildFile; fileRef = 9FFE28F42035CC6C0002E09A /* ForecastForTomorrow.swift */; };
		9FFE28F7203AC1EF0002E09A /* ForecastForNextDays.swift in Sources */ = {isa = PBXBuildFile; fileRef = 9FFE28F6203AC1EF0002E09A /* ForecastForNextDays.swift */; };
		9FFE28F9203C83560002E09A /* ForecastForTomorrowViewController.swift in Sources */ = {isa = PBXBuildFile; fileRef = 9FFE28F8203C83560002E09A /* ForecastForTomorrowViewController.swift */; };
/* End PBXBuildFile section */

/* Begin PBXFileReference section */
		9FFE28DF2035CBCF0002E09A /* WindyWalk.app */ = {isa = PBXFileReference; explicitFileType = wrapper.application; includeInIndex = 0; path = WindyWalk.app; sourceTree = BUILT_PRODUCTS_DIR; };
		9FFE28E22035CBCF0002E09A /* AppDelegate.swift */ = {isa = PBXFileReference; lastKnownFileType = sourcecode.swift; path = AppDelegate.swift; sourceTree = "<group>"; };
		9FFE28E42035CBCF0002E09A /* ViewController.swift */ = {isa = PBXFileReference; lastKnownFileType = sourcecode.swift; path = ViewController.swift; sourceTree = "<group>"; };
		9FFE28E72035CBCF0002E09A /* Base */ = {isa = PBXFileReference; lastKnownFileType = file.storyboard; name = Base; path = Base.lproj/Main.storyboard; sourceTree = "<group>"; };
		9FFE28E92035CBCF0002E09A /* Assets.xcassets */ = {isa = PBXFileReference; lastKnownFileType = folder.assetcatalog; path = Assets.xcassets; sourceTree = "<group>"; };
		9FFE28EC2035CBCF0002E09A /* Base */ = {isa = PBXFileReference; lastKnownFileType = file.storyboard; name = Base; path = Base.lproj/LaunchScreen.storyboard; sourceTree = "<group>"; };
		9FFE28EE2035CBCF0002E09A /* Info.plist */ = {isa = PBXFileReference; lastKnownFileType = text.plist.xml; path = Info.plist; sourceTree = "<group>"; };
		9FFE28F42035CC6C0002E09A /* ForecastForTomorrow.swift */ = {isa = PBXFileReference; fileEncoding = 4; lastKnownFileType = sourcecode.swift; path = ForecastForTomorrow.swift; sourceTree = "<group>"; };
		9FFE28F6203AC1EF0002E09A /* ForecastForNextDays.swift */ = {isa = PBXFileReference; fileEncoding = 4; lastKnownFileType = sourcecode.swift; path = ForecastForNextDays.swift; sourceTree = "<group>"; };
		9FFE28F8203C83560002E09A /* ForecastForTomorrowViewController.swift */ = {isa = PBXFileReference; fileEncoding = 4; lastKnownFileType = sourcecode.swift; path = ForecastForTomorrowViewController.swift; sourceTree = "<group>"; };
/* End PBXFileReference section */

/* Begin PBXFrameworksBuildPhase section */
		9FFE28DC2035CBCF0002E09A /* Frameworks */ = {
			isa = PBXFrameworksBuildPhase;
			buildActionMask = 2147483647;
			files = (
			);
			runOnlyForDeploymentPostprocessing = 0;
		};
/* End PBXFrameworksBuildPhase section */

/* Begin PBXGroup section */
		9FFE28D62035CBCF0002E09A = {
			isa = PBXGroup;
			children = (
				9FFE28E12035CBCF0002E09A /* WindyWalk */,
				9FFE28E02035CBCF0002E09A /* Products */,
			);
			sourceTree = "<group>";
		};
		9FFE28E02035CBCF0002E09A /* Products */ = {
			isa = PBXGroup;
			children = (
				9FFE28DF2035CBCF0002E09A /* WindyWalk.app */,
			);
			name = Products;
			sourceTree = "<group>";
		};
		9FFE28E12035CBCF0002E09A /* WindyWalk */ = {
			isa = PBXGroup;
			children = (
				9FFE28E22035CBCF0002E09A /* AppDelegate.swift */,
				9FFE28E42035CBCF0002E09A /* ViewController.swift */,
				9FFE28F8203C83560002E09A /* ForecastForTomorrowViewController.swift */,
				9FFE28E62035CBCF0002E09A /* Main.storyboard */,
				9FFE28E92035CBCF0002E09A /* Assets.xcassets */,
				9FFE28EB2035CBCF0002E09A /* LaunchScreen.storyboard */,
				9FFE28EE2035CBCF0002E09A /* Info.plist */,
				9FFE28F42035CC6C0002E09A /* ForecastForTomorrow.swift */,
				9FFE28F6203AC1EF0002E09A /* ForecastForNextDays.swift */,
			);
			path = WindyWalk;
			sourceTree = "<group>";
		};
/* End PBXGroup section */

/* Begin PBXNativeTarget section */
		9FFE28DE2035CBCF0002E09A /* WindyWalk */ = {
			isa = PBXNativeTarget;
			buildConfigurationList = 9FFE28F12035CBCF0002E09A /* Build configuration list for PBXNativeTarget "WindyWalk" */;
			buildPhases = (
				9FFE28DB2035CBCF0002E09A /* Sources */,
				9FFE28DC2035CBCF0002E09A /* Frameworks */,
				9FFE28DD2035CBCF0002E09A /* Resources */,
			);
			buildRules = (
			);
			dependencies = (
			);
			name = WindyWalk;
			productName = WindyWalk;
			productReference = 9FFE28DF2035CBCF0002E09A /* WindyWalk.app */;
			productType = "com.apple.product-type.application";
		};
/* End PBXNativeTarget section */

/* Begin PBXProject section */
		9FFE28D72035CBCF0002E09A /* Project object */ = {
			isa = PBXProject;
			attributes = {
				LastSwiftUpdateCheck = 0830;
				LastUpgradeCheck = 0830;
				ORGANIZATIONNAME = "Kamil Gacek";
				TargetAttributes = {
					9FFE28DE2035CBCF0002E09A = {
						CreatedOnToolsVersion = 8.3.3;
						ProvisioningStyle = Automatic;
					};
				};
			};
			buildConfigurationList = 9FFE28DA2035CBCF0002E09A /* Build configuration list for PBXProject "WindyWalk" */;
			compatibilityVersion = "Xcode 3.2";
			developmentRegion = English;
			hasScannedForEncodings = 0;
			knownRegions = (
				en,
				Base,
			);
			mainGroup = 9FFE28D62035CBCF0002E09A;
			productRefGroup = 9FFE28E02035CBCF0002E09A /* Products */;
			projectDirPath = "";
			projectRoot = "";
			targets = (
				9FFE28DE2035CBCF0002E09A /* WindyWalk */,
			);
		};
/* End PBXProject section */

/* Begin PBXResourcesBuildPhase section */
		9FFE28DD2035CBCF0002E09A /* Resources */ = {
			isa = PBXResourcesBuildPhase;
			buildActionMask = 2147483647;
			files = (
				9FFE28ED2035CBCF0002E09A /* LaunchScreen.storyboard in Resources */,
				9FFE28EA2035CBCF0002E09A /* Assets.xcassets in Resources */,
				9FFE28E82035CBCF0002E09A /* Main.storyboard in Resources */,
			);
			runOnlyForDeploymentPostprocessing = 0;
		};
/* End PBXResourcesBuildPhase section */

/* Begin PBXSourcesBuildPhase section */
		9FFE28DB2035CBCF0002E09A /* Sources */ = {
			isa = PBXSourcesBuildPhase;
			buildActionMask = 2147483647;
			files = (
				9FFE28F9203C83560002E09A /* ForecastForTomorrowViewController.swift in Sources */,
				9FFE28E52035CBCF0002E09A /* ViewController.swift in Sources */,
				9FFE28E32035CBCF0002E09A /* AppDelegate.swift in Sources */,
				9FFE28F7203AC1EF0002E09A /* ForecastForNextDays.swift in Sources */,
				9FFE28F52035CC6C0002E09A /* ForecastForTomorrow.swift in Sources */,
			);
			runOnlyForDeploymentPostprocessing = 0;
		};
/* End PBXSourcesBuildPhase section */

/* Begin PBXVariantGroup section */
		9FFE28E62035CBCF0002E09A /* Main.storyboard */ = {
			isa = PBXVariantGroup;
			children = (
				9FFE28E72035CBCF0002E09A /* Base */,
			);
			name = Main.storyboard;
			sourceTree = "<group>";
		};
		9FFE28EB2035CBCF0002E09A /* LaunchScreen.storyboard */ = {
			isa = PBXVariantGroup;
			children = (
				9FFE28EC2035CBCF0002E09A /* Base */,
			);
			name = LaunchScreen.storyboard;
			sourceTree = "<group>";
		};
/* End PBXVariantGroup section */

/* Begin XCBuildConfiguration section */
		9FFE28EF2035CBCF0002E09A /* Debug */ = {
			isa = XCBuildConfiguration;
			buildSettings = {
				ALWAYS_SEARCH_USER_PATHS = NO;
				CLANG_ANALYZER_NONNULL = YES;
				CLANG_ANALYZER_NUMBER_OBJECT_CONVERSION = YES_AGGRESSIVE;
				CLANG_CXX_LANGUAGE_STANDARD = "gnu++0x";
				CLANG_CXX_LIBRARY = "libc++";
				CLANG_ENABLE_MODULES = YES;
				CLANG_ENABLE_OBJC_ARC = YES;
				CLANG_WARN_BOOL_CONVERSION = YES;
				CLANG_WARN_CONSTANT_CONVERSION = YES;
				CLANG_WARN_DIRECT_OBJC_ISA_USAGE = YES_ERROR;
				CLANG_WARN_DOCUMENTATION_COMMENTS = YES;
				CLANG_WARN_EMPTY_BODY = YES;
				CLANG_WARN_ENUM_CONVERSION = YES;
				CLANG_WARN_INFINITE_RECURSION = YES;
				CLANG_WARN_INT_CONVERSION = YES;
				CLANG_WARN_OBJC_ROOT_CLASS = YES_ERROR;
				CLANG_WARN_SUSPICIOUS_MOVE = YES;
				CLANG_WARN_UNREACHABLE_CODE = YES;
				CLANG_WARN__DUPLICATE_METHOD_MATCH = YES;
				"CODE_SIGN_IDENTITY[sdk=iphoneos*]" = "iPhone Developer";
				COPY_PHASE_STRIP = NO;
				DEBUG_INFORMATION_FORMAT = dwarf;
				ENABLE_STRICT_OBJC_MSGSEND = YES;
				ENABLE_TESTABILITY = YES;
				GCC_C_LANGUAGE_STANDARD = gnu99;
				GCC_DYNAMIC_NO_PIC = NO;
				GCC_NO_COMMON_BLOCKS = YES;
				GCC_OPTIMIZATION_LEVEL = 0;
				GCC_PREPROCESSOR_DEFINITIONS = (
					"DEBUG=1",
					"$(inherited)",
				);
				GCC_WARN_64_TO_32_BIT_CONVERSION = YES;
				GCC_WARN_ABOUT_RETURN_TYPE = YES_ERROR;
				GCC_WARN_UNDECLARED_SELECTOR = YES;
				GCC_WARN_UNINITIALIZED_AUTOS = YES_AGGRESSIVE;
				GCC_WARN_UNUSED_FUNCTION = YES;
				GCC_WARN_UNUSED_VARIABLE = YES;
				IPHONEOS_DEPLOYMENT_TARGET = 10.3;
				MTL_ENABLE_DEBUG_INFO = YES;
				ONLY_ACTIVE_ARCH = YES;
				SDKROOT = iphoneos;
				SWIFT_ACTIVE_COMPILATION_CONDITIONS = DEBUG;
				SWIFT_OPTIMIZATION_LEVEL = "-Onone";
			};
			name = Debug;
		};
		9FFE28F02035CBCF0002E09A /* Release */ = {
			isa = XCBuildConfiguration;
			buildSettings = {
				ALWAYS_SEARCH_USER_PATHS = NO;
				CLANG_ANALYZER_NONNULL = YES;
				CLANG_ANALYZER_NUMBER_OBJECT_CONVERSION = YES_AGGRESSIVE;
				CLANG_CXX_LANGUAGE_STANDARD = "gnu++0x";
				CLANG_CXX_LIBRARY = "libc++";
				CLANG_ENABLE_MODULES = YES;
				CLANG_ENABLE_OBJC_ARC = YES;
				CLANG_WARN_BOOL_CONVERSION = YES;
				CLANG_WARN_CONSTANT_CONVERSION = YES;
				CLANG_WARN_DIRECT_OBJC_ISA_USAGE = YES_ERROR;
				CLANG_WARN_DOCUMENTATION_COMMENTS = YES;
				CLANG_WARN_EMPTY_BODY = YES;
				CLANG_WARN_ENUM_CONVERSION = YES;
				CLANG_WARN_INFINITE_RECURSION = YES;
				CLANG_WARN_INT_CONVERSION = YES;
				CLANG_WARN_OBJC_ROOT_CLASS = YES_ERROR;
				CLANG_WARN_SUSPICIOUS_MOVE = YES;
				CLANG_WARN_UNREACHABLE_CODE = YES;
				CLANG_WARN__DUPLICATE_METHOD_MATCH = YES;
				"CODE_SIGN_IDENTITY[sdk=iphoneos*]" = "iPhone Developer";
				COPY_PHASE_STRIP = NO;
				DEBUG_INFORMATION_FORMAT = "dwarf-with-dsym";
				ENABLE_NS_ASSERTIONS = NO;
				ENABLE_STRICT_OBJC_MSGSEND = YES;
				GCC_C_LANGUAGE_STANDARD = gnu99;
				GCC_NO_COMMON_BLOCKS = YES;
				GCC_WARN_64_TO_32_BIT_CONVERSION = YES;
				GCC_WARN_ABOUT_RETURN_TYPE = YES_ERROR;
				GCC_WARN_UNDECLARED_SELECTOR = YES;
				GCC_WARN_UNINITIALIZED_AUTOS = YES_AGGRESSIVE;
				GCC_WARN_UNUSED_FUNCTION = YES;
				GCC_WARN_UNUSED_VARIABLE = YES;
				IPHONEOS_DEPLOYMENT_TARGET = 10.3;
				MTL_ENABLE_DEBUG_INFO = NO;
				SDKROOT = iphoneos;
				SWIFT_OPTIMIZATION_LEVEL = "-Owholemodule";
				VALIDATE_PRODUCT = YES;
			};
			name = Release;
		};
		9FFE28F22035CBCF0002E09A /* Debug */ = {
			isa = XCBuildConfiguration;
			buildSettings = {
				ASSETCATALOG_COMPILER_APPICON_NAME = AppIcon;
				INFOPLIST_FILE = WindyWalk/Info.plist;
				LD_RUNPATH_SEARCH_PATHS = "$(inherited) @executable_path/Frameworks";
				PRODUCT_BUNDLE_IDENTIFIER = "Kamil-Gacek.WindyWalk";
				PRODUCT_NAME = "$(TARGET_NAME)";
				SWIFT_VERSION = 3.0;
			};
			name = Debug;
		};
		9FFE28F32035CBCF0002E09A /* Release */ = {
			isa = XCBuildConfiguration;
			buildSettings = {
				ASSETCATALOG_COMPILER_APPICON_NAME = AppIcon;
				INFOPLIST_FILE = WindyWalk/Info.plist;
				LD_RUNPATH_SEARCH_PATHS = "$(inherited) @executable_path/Frameworks";
				PRODUCT_BUNDLE_IDENTIFIER = "Kamil-Gacek.WindyWalk";
				PRODUCT_NAME = "$(TARGET_NAME)";
				SWIFT_VERSION = 3.0;
			};
			name = Release;
		};
/* End XCBuildConfiguration section */

/* Begin XCConfigurationList section */
		9FFE28DA2035CBCF0002E09A /* Build configuration list for PBXProject "WindyWalk" */ = {
			isa = XCConfigurationList;
			buildConfigurations = (
				9FFE28EF2035CBCF0002E09A /* Debug */,
				9FFE28F02035CBCF0002E09A /* Release */,
			);
			defaultConfigurationIsVisible = 0;
			defaultConfigurationName = Release;
		};
		9FFE28F12035CBCF0002E09A /* Build configuration list for PBXNativeTarget "WindyWalk" */ = {
			isa = XCConfigurationList;
			buildConfigurations = (
				9FFE28F22035CBCF0002E09A /* Debug */,
				9FFE28F32035CBCF0002E09A /* Release */,
			);
			defaultConfigurationIsVisible = 0;
		};
/* End XCConfigurationList section */
	};
	rootObject = 9FFE28D72035CBCF0002E09A /* Project object */;
}
